
Microsoft Visual Studio Solution File, Format Version 12.00
# Visual Studio Version 17
VisualStudioVersion = 17.5.33414.496
MinimumVisualStudioVersion = 10.0.40219.1
Project("{FAE04EC0-301F-11D3-BF4B-00C04F79EFBC}") = "MQTTDatabaseProxyApplication", "MQTTDatabaseProxyApplication\MQTTDatabaseProxyApplication.csproj", "{D0B3F11F-4D9A-4CA7-B5E8-391DFA427592}"
EndProject
Project("{FAE04EC0-301F-11D3-BF4B-00C04F79EFBC}") = "MQTTDatabaseProxyCore", "MQTTDatabaseProxyCore\MQTTDatabaseProxyCore.csproj", "{11E9A937-4A4E-49C5-97A8-2C82AD364E6A}"
EndProject
Project("{FAE04EC0-301F-11D3-BF4B-00C04F79EFBC}") = "MQTTDatabaseProxyService", "MQTTDatabaseProxyService\MQTTDatabaseProxyService.csproj", "{5E8C90B9-C7F9-4FE7-97B8-5C7033FCBF51}"
EndProject
Global
	GlobalSection(SolutionConfigurationPlatforms) = preSolution
		Debug|Any CPU = Debug|Any CPU
		Release|Any CPU = Release|Any CPU
	EndGlobalSection
	GlobalSection(ProjectConfigurationPlatforms) = postSolution
		{D0B3F11F-4D9A-4CA7-B5E8-391DFA427592}.Debug|Any CPU.ActiveCfg = Debug|Any CPU
		{D0B3F11F-4D9A-4CA7-B5E8-391DFA427592}.Debug|Any CPU.Build.0 = Debug|Any CPU
		{D0B3F11F-4D9A-4CA7-B5E8-391DFA427592}.Release|Any CPU.ActiveCfg = Release|Any CPU
		{D0B3F11F-4D9A-4CA7-B5E8-391DFA427592}.Release|Any CPU.Build.0 = Release|Any CPU
		{11E9A937-4A4E-49C5-97A8-2C82AD364E6A}.Debug|Any CPU.ActiveCfg = Debug|Any CPU
		{11E9A937-4A4E-49C5-97A8-2C82AD364E6A}.Debug|Any CPU.Build.0 = Debug|Any CPU
		{11E9A937-4A4E-49C5-97A8-2C82AD364E6A}.Release|Any CPU.ActiveCfg = Release|Any CPU
		{11E9A937-4A4E-49C5-97A8-2C82AD364E6A}.Release|Any CPU.Build.0 = Release|Any CPU
		{5E8C90B9-C7F9-4FE7-97B8-5C7033FCBF51}.Debug|Any CPU.ActiveCfg = Debug|Any CPU
		{5E8C90B9-C7F9-4FE7-97B8-5C7033FCBF51}.Debug|Any CPU.Build.0 = Debug|Any CPU
		{5E8C90B9-C7F9-4FE7-97B8-5C7033FCBF51}.Release|Any CPU.ActiveCfg = Release|Any CPU
		{5E8C90B9-C7F9-4FE7-97B8-5C7033FCBF51}.Release|Any CPU.Build.0 = Release|Any CPU
	EndGlobalSection
	GlobalSection(SolutionProperties) = preSolution
		HideSolutionNode = FALSE
	EndGlobalSection
	GlobalSection(ExtensibilityGlobals) = postSolution
		SolutionGuid = {8A50F629-8835-4111-A304-BAB2ADB65CE6}
	EndGlobalSection
EndGlobal
